version = 1
revision = 3
requires-python = ">=3.11"

[[package]]
name = "intent-harness"
version = "0.1.0"
source = { virtual = "." }
dependencies = [
    { name = "neo4j" },
    { name = "ruamel-yaml" },
]

[package.metadata]
requires-dist = [
    { name = "neo4j", specifier = ">=5.20" },
    { name = "ruamel-yaml", specifier = ">=0.18" },
]

[[package]]
name = "neo4j"
version = "6.4.0"
source = { registry = "https://pypi.org/simple" }
dependencies = [
    { name = "pytz" },
]
sdist = { url = "https://files.pythonhosted.org/packages/80/db/024bd576bde5d97436d0acb71b41cf928c036ed8fec95ea1122eb05e47d1/neo4j-6.4.0.tar.gz", hash = "sha256:056676698f080b5af5b24b0fc5abb485b8db1b95edf366d01dcfd63bcff9b71d", size = 287786, upload-time = "2026-10-05T15:37:45.216Z" }
wheels = [
    { url = "https://files.pythonhosted.org/packages/c9/5d/519aefe3b38a490924641e980a16ea6c70f6c96c08d84cf661d32c4a08c2/neo4j-6.4.0-py3-none-any.whl", hash = "sha256:fdd048ba827be138063b045cf59e40056fbf0405ac02dadc24f64e369fbd9d3d", size = 390611, upload-time = "2026-10-05T15:37:43.491Z" },
]

[[package]]
name = "pytz"
version = "2026.5"
source = { registry = "https://pypi.org/simple" }
sdist = { url = "https://files.pythonhosted.org/packages/14/21/d83d6ef28c4c912c4bb4d1dcf591f7b8c6bde87b9c66f9f454677314e16d/pytz-2026.5.tar.gz", hash = "sha256:fa23724b9c486543b9ff54a327ee7569ac83ade54bb9afd0fc18676620401c86", size = 318572, upload-time = "2026-10-04T02:37:58.719Z" }
wheels = [
    { url = "https://files.pythonhosted.org/packages/4f/ef/c66110d46fb800dda0bf33164182dfadabe26a90e4476844d502a23dca8e/pytz-2026.5-py2.py3-none-any.whl", hash = "sha256:e658af3757f9e26a9d25dd2aff38335acd92bc9104f890a894b2c1ba28311b03", size = 506342, upload-time = "2026-10-04T02:37:56.814Z" },
]

[[package]]
name = "ruamel-yaml"
version = "0.19.1"
source = { registry = "https://pypi.org/simple" }
sdist = { url = "https://files.pythonhosted.org/packages/c7/3b/ebda527b56beb90cb7652cb1c7e4f91f48649fbcd8d2eb2fb6e77cd3329b/ruamel_yaml-0.19.1.tar.gz", hash = "sha256:53eb66cd27849eff968ebf8f0bf61f46cdac2da1d1f3576dd4ccee9b25c31993", size = 142709, upload-time = "2026-01-02T16:50:31.84Z" }
wheels = [
    { url = "https://files.pythonhosted.org/packages/b8/0c/51f6841f1d84f404f92463fc2b1ba0da357ca1e3db6b7fbda26956c3b82a/ruamel_yaml-0.19.1-py3-none-any.whl", hash = "sha256:27592957fedf6e0b62f281e96effd28043345e0e66001f97683aa9a40c667c93", size = 118102, upload-time = "2026-01-02T16:50:29.201Z" },
]
